
Microsoft Visual Studio Solution File, Format Version 12.00
# Visual Studio Version 16
VisualStudioVersion = 16.0.29001.49
MinimumVisualStudioVersion = 10.0.40219.1
Project("{FAE04EC0-301F-11D3-BF4B-00C04F79EFBC}") = "SchoolSystem.Data", "SchoolSystem.Data\SchoolSystem.Data.csproj", "{2F01B56F-8BED-421F-8F92-6031BCCFC419}"
EndProject
Project("{FAE04EC0-301F-11D3-BF4B-00C04F79EFBC}") = "SchoolSystem.Api", "ScoolSystem.Api\SchoolSystem.Api.csproj", "{313CC78B-9582-4217-B553-7449B51340ED}"
EndProject
Project("{00D1A9C2-B5F0-4AF3-8072-F6C62B433612}") = "SchoolSystem.Database", "SchoolSystem.Database\SchoolSystem.Database.sqlproj", "{B02677FE-4EC4-44E1-8CDF-1876136EA14C}"
EndProject
Global
	GlobalSection(SolutionConfigurationPlatforms) = preSolution
		Debug|Any CPU = Debug|Any CPU
		Release|Any CPU = Release|Any CPU
	EndGlobalSection
	GlobalSection(ProjectConfigurationPlatforms) = postSolution
		{2F01B56F-8BED-421F-8F92-6031BCCFC419}.Debug|Any CPU.ActiveCfg = Debug|Any CPU
		{2F01B56F-8BED-421F-8F92-6031BCCFC419}.Debug|Any CPU.Build.0 = Debug|Any CPU
		{2F01B56F-8BED-421F-8F92-6031BCCFC419}.Release|Any CPU.ActiveCfg = Release|Any CPU
		{2F01B56F-8BED-421F-8F92-6031BCCFC419}.Release|Any CPU.Build.0 = Release|Any CPU
		{313CC78B-9582-4217-B553-7449B51340ED}.Debug|Any CPU.ActiveCfg = Debug|Any CPU
		{313CC78B-9582-4217-B553-7449B51340ED}.Debug|Any CPU.Build.0 = Debug|Any CPU
		{313CC78B-9582-4217-B553-7449B51340ED}.Release|Any CPU.ActiveCfg = Release|Any CPU
		{313CC78B-9582-4217-B553-7449B51340ED}.Release|Any CPU.Build.0 = Release|Any CPU
		{B02677FE-4EC4-44E1-8CDF-1876136EA14C}.Debug|Any CPU.ActiveCfg = Debug|Any CPU
		{B02677FE-4EC4-44E1-8CDF-1876136EA14C}.Debug|Any CPU.Build.0 = Debug|Any CPU
		{B02677FE-4EC4-44E1-8CDF-1876136EA14C}.Debug|Any CPU.Deploy.0 = Debug|Any CPU
		{B02677FE-4EC4-44E1-8CDF-1876136EA14C}.Release|Any CPU.ActiveCfg = Release|Any CPU
		{B02677FE-4EC4-44E1-8CDF-1876136EA14C}.Release|Any CPU.Build.0 = Release|Any CPU
		{B02677FE-4EC4-44E1-8CDF-1876136EA14C}.Release|Any CPU.Deploy.0 = Release|Any CPU
	EndGlobalSection
	GlobalSection(SolutionProperties) = preSolution
		HideSolutionNode = FALSE
	EndGlobalSection
	GlobalSection(ExtensibilityGlobals) = postSolution
		SolutionGuid = {36F8521D-59BD-4A58-88B9-AC94FEF8F0F1}
	EndGlobalSection
EndGlobal
